
Microsoft Visual Studio Solution File, Format Version 12.00
Project("{FAE04EC0-301F-11D3-BF4B-00C04F79EFBC}") = "Gateway", "Gateway\Gateway.csproj", "{547A487C-D49D-4047-BB24-4632AF95F05A}"
EndProject
Project("{FAE04EC0-301F-11D3-BF4B-00C04F79EFBC}") = "Engine", "Engine\Engine.csproj", "{4C41594C-0532-4009-8A04-8DAE0E2E5ECB}"
EndProject
Project("{FAE04EC0-301F-11D3-BF4B-00C04F79EFBC}") = "Shared", "Shared\Shared.csproj", "{170E5F85-1BDB-472B-B6D1-56B964A02042}"
EndProject
Global
	GlobalSection(SolutionConfigurationPlatforms) = preSolution
		Debug|Any CPU = Debug|Any CPU
		Release|Any CPU = Release|Any CPU
	EndGlobalSection
	GlobalSection(ProjectConfigurationPlatforms) = postSolution
		{547A487C-D49D-4047-BB24-4632AF95F05A}.Debug|Any CPU.ActiveCfg = Debug|Any CPU
		{547A487C-D49D-4047-BB24-4632AF95F05A}.Debug|Any CPU.Build.0 = Debug|Any CPU
		{547A487C-D49D-4047-BB24-4632AF95F05A}.Release|Any CPU.ActiveCfg = Release|Any CPU
		{547A487C-D49D-4047-BB24-4632AF95F05A}.Release|Any CPU.Build.0 = Release|Any CPU
		{4C41594C-0532-4009-8A04-8DAE0E2E5ECB}.Debug|Any CPU.ActiveCfg = Debug|Any CPU
		{4C41594C-0532-4009-8A04-8DAE0E2E5ECB}.Debug|Any CPU.Build.0 = Debug|Any CPU
		{4C41594C-0532-4009-8A04-8DAE0E2E5ECB}.Release|Any CPU.ActiveCfg = Release|Any CPU
		{4C41594C-0532-4009-8A04-8DAE0E2E5ECB}.Release|Any CPU.Build.0 = Release|Any CPU
		{170E5F85-1BDB-472B-B6D1-56B964A02042}.Debug|Any CPU.ActiveCfg = Debug|Any CPU
		{170E5F85-1BDB-472B-B6D1-56B964A02042}.Debug|Any CPU.Build.0 = Debug|Any CPU
		{170E5F85-1BDB-472B-B6D1-56B964A02042}.Release|Any CPU.ActiveCfg = Release|Any CPU
		{170E5F85-1BDB-472B-B6D1-56B964A02042}.Release|Any CPU.Build.0 = Release|Any CPU
	EndGlobalSection
EndGlobal
